
Microsoft Visual Studio Solution File, Format Version 12.00
# Visual Studio Version 16
VisualStudioVersion = 16.0.29519.87
MinimumVisualStudioVersion = 10.0.40219.1
Project("{FAE04EC0-301F-11D3-BF4B-00C04F79EFBC}") = "TestKnobControl", "TestKnobControl\TestKnobControl.csproj", "{F2AD49E9-8072-48F7-8BF6-DF5D3BD5058B}"
EndProject
Project("{FAE04EC0-301F-11D3-BF4B-00C04F79EFBC}") = "KnobControl", "..\KnobControl\KnobControl.csproj", "{04123F59-331D-4582-BE0D-721FEAB6050F}"
EndProject
Global
	GlobalSection(SolutionConfigurationPlatforms) = preSolution
		Debug|Any CPU = Debug|Any CPU
		Release|Any CPU = Release|Any CPU
	EndGlobalSection
	GlobalSection(ProjectConfigurationPlatforms) = postSolution
		{F2AD49E9-8072-48F7-8BF6-DF5D3BD5058B}.Debug|Any CPU.ActiveCfg = Debug|Any CPU
		{F2AD49E9-8072-48F7-8BF6-DF5D3BD5058B}.Debug|Any CPU.Build.0 = Debug|Any CPU
		{F2AD49E9-8072-48F7-8BF6-DF5D3BD5058B}.Release|Any CPU.ActiveCfg = Release|Any CPU
		{F2AD49E9-8072-48F7-8BF6-DF5D3BD5058B}.Release|Any CPU.Build.0 = Release|Any CPU
		{04123F59-331D-4582-BE0D-721FEAB6050F}.Debug|Any CPU.ActiveCfg = Debug|Any CPU
		{04123F59-331D-4582-BE0D-721FEAB6050F}.Debug|Any CPU.Build.0 = Debug|Any CPU
		{04123F59-331D-4582-BE0D-721FEAB6050F}.Release|Any CPU.ActiveCfg = Release|Any CPU
		{04123F59-331D-4582-BE0D-721FEAB6050F}.Release|Any CPU.Build.0 = Release|Any CPU
	EndGlobalSection
	GlobalSection(SolutionProperties) = preSolution
		HideSolutionNode = FALSE
	EndGlobalSection
	GlobalSection(ExtensibilityGlobals) = postSolution
		SolutionGuid = {894A219D-114D-4B86-A477-3466698E9067}
	EndGlobalSection
EndGlobal
